
Microsoft Visual Studio Solution File, Format Version 12.00
# Visual Studio Version 16
VisualStudioVersion = 25.0.1706.9
MinimumVisualStudioVersion = 10.0.40219.1
Project("{FAE04EC0-301F-11D3-BF4B-00C04F79EFBC}") = "MyProject.Core", "MyProject.Core\MyProject.Core.csproj", "{256B3361-AD2D-4481-B246-062972A9744B}"
EndProject
Project("{FAE04EC0-301F-11D3-BF4B-00C04F79EFBC}") = "MyProject.RasPi", "MyProject.RPi\MyProject.RasPi.csproj", "{E48775EC-A4A8-4F41-A070-C28B202F045C}"
EndProject
Project("{FAE04EC0-301F-11D3-BF4B-00C04F79EFBC}") = "MyProject.F7Feather", "MyProject.F7\MyProject.F7Feather.csproj", "{40996737-83E9-4733-AB6A-4AD596CFE62F}"
EndProject
Project("{FAE04EC0-301F-11D3-BF4B-00C04F79EFBC}") = "MyProject.Desktop", "MyProject.Desktop\MyProject.Desktop.csproj", "{69080E8B-65FB-42AC-9E74-D6DB2DC4B290}"
EndProject
Project("{FAE04EC0-301F-11D3-BF4B-00C04F79EFBC}") = "MyProject.ProjectLab", "MyProject.ProjectLab\MyProject.ProjectLab.csproj", "{BD94A343-586D-4E7F-A61F-E9D97D96154D}"
EndProject
Global
	GlobalSection(SolutionConfigurationPlatforms) = preSolution
		Debug|Any CPU = Debug|Any CPU
		Release|Any CPU = Release|Any CPU
	EndGlobalSection
	GlobalSection(ProjectConfigurationPlatforms) = postSolution
		{256B3361-AD2D-4481-B246-062972A9744B}.Debug|Any CPU.ActiveCfg = Debug|Any CPU
		{256B3361-AD2D-4481-B246-062972A9744B}.Debug|Any CPU.Build.0 = Debug|Any CPU
		{256B3361-AD2D-4481-B246-062972A9744B}.Release|Any CPU.ActiveCfg = Release|Any CPU
		{256B3361-AD2D-4481-B246-062972A9744B}.Release|Any CPU.Build.0 = Release|Any CPU
		{E48775EC-A4A8-4F41-A070-C28B202F045C}.Debug|Any CPU.ActiveCfg = Debug|Any CPU
		{E48775EC-A4A8-4F41-A070-C28B202F045C}.Debug|Any CPU.Build.0 = Debug|Any CPU
		{E48775EC-A4A8-4F41-A070-C28B202F045C}.Release|Any CPU.ActiveCfg = Release|Any CPU
		{E48775EC-A4A8-4F41-A070-C28B202F045C}.Release|Any CPU.Build.0 = Release|Any CPU
		{40996737-83E9-4733-AB6A-4AD596CFE62F}.Debug|Any CPU.ActiveCfg = Debug|Any CPU
		{40996737-83E9-4733-AB6A-4AD596CFE62F}.Debug|Any CPU.Build.0 = Debug|Any CPU
		{40996737-83E9-4733-AB6A-4AD596CFE62F}.Release|Any CPU.ActiveCfg = Release|Any CPU
		{40996737-83E9-4733-AB6A-4AD596CFE62F}.Release|Any CPU.Build.0 = Release|Any CPU
		{69080E8B-65FB-42AC-9E74-D6DB2DC4B290}.Debug|Any CPU.ActiveCfg = Debug|Any CPU
		{69080E8B-65FB-42AC-9E74-D6DB2DC4B290}.Debug|Any CPU.Build.0 = Debug|Any CPU
		{69080E8B-65FB-42AC-9E74-D6DB2DC4B290}.Release|Any CPU.ActiveCfg = Release|Any CPU
		{69080E8B-65FB-42AC-9E74-D6DB2DC4B290}.Release|Any CPU.Build.0 = Release|Any CPU
		{BD94A343-586D-4E7F-A61F-E9D97D96154D}.Debug|Any CPU.ActiveCfg = Debug|Any CPU
		{BD94A343-586D-4E7F-A61F-E9D97D96154D}.Debug|Any CPU.Build.0 = Debug|Any CPU
		{BD94A343-586D-4E7F-A61F-E9D97D96154D}.Release|Any CPU.ActiveCfg = Release|Any CPU
		{BD94A343-586D-4E7F-A61F-E9D97D96154D}.Release|Any CPU.Build.0 = Release|Any CPU
	EndGlobalSection
	GlobalSection(SolutionProperties) = preSolution
		HideSolutionNode = FALSE
	EndGlobalSection
	GlobalSection(ExtensibilityGlobals) = postSolution
		SolutionGuid = {4D718BC0-D13A-4C18-9A90-93DCDED00A77}
	EndGlobalSection
EndGlobal
