
Microsoft Visual Studio Solution File, Format Version 12.00
# Visual Studio 15
Project("{FAE04EC0-301F-11D3-BF4B-00C04F79EFBC}") = "Meadow.SDK", "Meadow.SDK\Meadow.SDK.csproj", "{77399E61-B720-4931-8E10-8B0F765CABC2}"
EndProject
Project("{FAE04EC0-301F-11D3-BF4B-00C04F79EFBC}") = "BasicMeadowApp_Sample", "BasicMeadowApp\BasicMeadowApp_Sample.csproj", "{9070AE55-A6CD-464D-84AA-4032DDDCD12F}"
EndProject
Project("{FAE04EC0-301F-11D3-BF4B-00C04F79EFBC}") = "Project_Templates", "Project_Templates\Project_Templates.csproj", "{9AC34880-FF31-4B6B-A8D7-9743DE617160}"
EndProject
Project("{2150E333-8FDC-42A3-9474-1A3956D46DE8}") = "Solution Items", "Solution Items", "{454F3DEF-DDAC-4472-9CBF-E17AFDF720B8}"
	ProjectSection(SolutionItems) = preProject
		Directory.Build.props = Directory.Build.props
	EndProjectSection
EndProject
Global
	GlobalSection(SolutionConfigurationPlatforms) = preSolution
		Debug|Any CPU = Debug|Any CPU
		Release|Any CPU = Release|Any CPU
	EndGlobalSection
	GlobalSection(ProjectConfigurationPlatforms) = postSolution
		{77399E61-B720-4931-8E10-8B0F765CABC2}.Debug|Any CPU.ActiveCfg = Debug|Any CPU
		{77399E61-B720-4931-8E10-8B0F765CABC2}.Debug|Any CPU.Build.0 = Debug|Any CPU
		{77399E61-B720-4931-8E10-8B0F765CABC2}.Release|Any CPU.ActiveCfg = Release|Any CPU
		{77399E61-B720-4931-8E10-8B0F765CABC2}.Release|Any CPU.Build.0 = Release|Any CPU
		{9070AE55-A6CD-464D-84AA-4032DDDCD12F}.Debug|Any CPU.ActiveCfg = Debug|Any CPU
		{9070AE55-A6CD-464D-84AA-4032DDDCD12F}.Debug|Any CPU.Build.0 = Debug|Any CPU
		{9070AE55-A6CD-464D-84AA-4032DDDCD12F}.Release|Any CPU.ActiveCfg = Release|Any CPU
		{9070AE55-A6CD-464D-84AA-4032DDDCD12F}.Release|Any CPU.Build.0 = Release|Any CPU
		{9AC34880-FF31-4B6B-A8D7-9743DE617160}.Debug|Any CPU.ActiveCfg = Debug|Any CPU
		{9AC34880-FF31-4B6B-A8D7-9743DE617160}.Debug|Any CPU.Build.0 = Debug|Any CPU
		{9AC34880-FF31-4B6B-A8D7-9743DE617160}.Release|Any CPU.ActiveCfg = Release|Any CPU
		{9AC34880-FF31-4B6B-A8D7-9743DE617160}.Release|Any CPU.Build.0 = Release|Any CPU
	EndGlobalSection
EndGlobal
