
Microsoft Visual Studio Solution File, Format Version 12.00
# Visual Studio Version 17
VisualStudioVersion = 17.8.34316.72
MinimumVisualStudioVersion = 10.0.40219.1
Project("{9A19103F-16F7-4668-BE54-9A1E7A4F7556}") = "StartKit.Core", "StartKit.Core\StartKit.Core.csproj", "{A5027AB0-4C55-4C5A-983F-A60A58EB1CBE}"
EndProject
Project("{9A19103F-16F7-4668-BE54-9A1E7A4F7556}") = "StartKit.F7Feather", "StartKit.F7Feather\StartKit.F7Feather.csproj", "{AA69FF30-A650-49DA-93B8-90714D380C25}"
EndProject
Project("{9A19103F-16F7-4668-BE54-9A1E7A4F7556}") = "StartKit.ProjectLab", "StartKit.ProjectLab\StartKit.ProjectLab.csproj", "{38BDD139-CE15-44DF-8431-B332387F970E}"
EndProject
Project("{2150E333-8FDC-42A3-9474-1A3956D46DE8}") = "Platforms", "Platforms", "{FC8C2A99-C0A4-4A4E-A3B7-3BFE9F59443D}"
EndProject
Project("{2150E333-8FDC-42A3-9474-1A3956D46DE8}") = "_ref", "_ref", "{CB825FD9-5236-4598-9554-E00DF20F7446}"
EndProject
Project("{9A19103F-16F7-4668-BE54-9A1E7A4F7556}") = "Meadow.Units", "..\..\..\..\Meadow.Units\Source\Meadow.Units\Meadow.Units.csproj", "{DC8C4180-9A81-475D-BD64-72E476ED67B1}"
EndProject
Project("{9A19103F-16F7-4668-BE54-9A1E7A4F7556}") = "Meadow.Contracts", "..\..\..\..\Meadow.Contracts\Source\Meadow.Contracts\Meadow.Contracts.csproj", "{5B137298-CBE6-4D29-B967-DC59284D25E3}"
EndProject
Project("{9A19103F-16F7-4668-BE54-9A1E7A4F7556}") = "Meadow.Core", "..\..\..\..\Meadow.Core\source\Meadow.Core\Meadow.Core.csproj", "{EAE1AB54-12B5-4C24-A910-CD04E76F97E4}"
EndProject
Project("{9A19103F-16F7-4668-BE54-9A1E7A4F7556}") = "Meadow.Windows", "..\..\..\..\Meadow.Core\source\implementations\windows\Meadow.Windows\Meadow.Windows.csproj", "{E6E6036E-758F-44BD-9E98-5494A30025E0}"
EndProject
Project("{9A19103F-16F7-4668-BE54-9A1E7A4F7556}") = "Meadow.Mac", "..\..\..\..\Meadow.Core\source\implementations\mac\Meadow.Mac\Meadow.Mac.csproj", "{C672107E-9D7B-4DA1-B777-93C3F367E3F1}"
EndProject
Project("{9A19103F-16F7-4668-BE54-9A1E7A4F7556}") = "Meadow.Linux", "..\..\..\..\Meadow.Core\source\implementations\linux\Meadow.Linux\Meadow.Linux.csproj", "{04C99B9E-24A9-4BF6-844A-F2897BF893A4}"
EndProject
Project("{9A19103F-16F7-4668-BE54-9A1E7A4F7556}") = "Meadow.F7", "..\..\..\..\Meadow.Core\source\implementations\f7\Meadow.F7\Meadow.F7.csproj", "{1CF58570-7177-4DA9-9A07-21A6E2BB6E9A}"
EndProject
Project("{9A19103F-16F7-4668-BE54-9A1E7A4F7556}") = "Meadow.Foundation.Core", "..\..\..\..\Meadow.Foundation\Source\Meadow.Foundation.Core\Meadow.Foundation.Core.csproj", "{E0B1F82C-58DB-4BE1-BDFE-0FA7166BE15D}"
EndProject
Project("{9A19103F-16F7-4668-BE54-9A1E7A4F7556}") = "Meadow.ProjectLab", "..\..\..\..\Meadow.ProjectLab\Source\Meadow.ProjectLab\Meadow.ProjectLab.csproj", "{59A1F3E4-3383-42F6-9259-75A0F19EBBB1}"
EndProject
Project("{9A19103F-16F7-4668-BE54-9A1E7A4F7556}") = "StartKit.RasPi", "StartKit.RasPi\StartKit.RasPi.csproj", "{4D4F21F6-04FC-44EF-8ED8-EC9A51D9BD70}"
EndProject
Project("{9A19103F-16F7-4668-BE54-9A1E7A4F7556}") = "Displays.WinForms", "..\..\..\..\Meadow.Foundation\Source\Meadow.Foundation.Peripherals\Displays.WinForms\Driver\Displays.WinForms.csproj", "{0277F962-0FBB-476F-A011-E56AECDEA02F}"
EndProject
Project("{9A19103F-16F7-4668-BE54-9A1E7A4F7556}") = "Sensors.Hid.Keyboard", "..\..\..\..\Meadow.Foundation\Source\Meadow.Foundation.Peripherals\Sensors.Hid.Keyboard\Driver\Sensors.Hid.Keyboard.csproj", "{6920D71F-5183-49B0-ADFF-F7A73D47AC3A}"
EndProject
Project("{9A19103F-16F7-4668-BE54-9A1E7A4F7556}") = "Graphics.MicroGraphics", "..\..\..\..\Meadow.Foundation\Source\Meadow.Foundation.Libraries_and_Frameworks\Graphics.MicroGraphics\Driver\Graphics.MicroGraphics.csproj", "{8FF4CFDA-A525-40AE-A3B1-D5F7945BBE0E}"
EndProject
Project("{9A19103F-16F7-4668-BE54-9A1E7A4F7556}") = "Graphics.MicroLayout", "..\..\..\..\Meadow.Foundation\Source\Meadow.Foundation.Libraries_and_Frameworks\Graphics.MicroLayout\Driver\Graphics.MicroLayout.csproj", "{8FD1E0C5-BC0B-4BF2-84F7-FACC7F46260C}"
EndProject
Project("{9A19103F-16F7-4668-BE54-9A1E7A4F7556}") = "Displays.TftSpi", "..\..\..\..\Meadow.Foundation\Source\Meadow.Foundation.Peripherals\Displays.TftSpi\Driver\Displays.TftSpi.csproj", "{3C0F4A41-E5ED-4ACE-ADAB-CA91B6415B94}"
EndProject
Project("{9A19103F-16F7-4668-BE54-9A1E7A4F7556}") = "Sensors.Atmospheric.Bme68x", "..\..\..\..\Meadow.Foundation\Source\Meadow.Foundation.Peripherals\Sensors.Atmospheric.Bme68x\Driver\Sensors.Atmospheric.Bme68x.csproj", "{748AF7DD-83E1-428D-8D18-6B34C989B16C}"
EndProject
Project("{9A19103F-16F7-4668-BE54-9A1E7A4F7556}") = "Sensors.Light.Bh1750", "..\..\..\..\Meadow.Foundation\Source\Meadow.Foundation.Peripherals\Sensors.Light.Bh1750\Driver\Sensors.Light.Bh1750.csproj", "{CC524307-95DF-45B5-8EF5-2A6D6F4C2B9C}"
EndProject
Project("{9A19103F-16F7-4668-BE54-9A1E7A4F7556}") = "Sensors.Motion.Bmi270", "..\..\..\..\Meadow.Foundation\Source\Meadow.Foundation.Peripherals\Sensors.Motion.Bmi270\Driver\Sensors.Motion.Bmi270.csproj", "{D92B4F4C-DC4F-45BB-957F-4BCE73825CEC}"
EndProject
Project("{9A19103F-16F7-4668-BE54-9A1E7A4F7556}") = "Displays.Gtk", "..\..\..\..\Meadow.Foundation\Source\Meadow.Foundation.Peripherals\Displays.Gtk\Driver\Displays.Gtk.csproj", "{BE59CED3-3884-47CD-BC74-2EECAE206A8A}"
EndProject
Global
	GlobalSection(SolutionConfigurationPlatforms) = preSolution
		Debug|Any CPU = Debug|Any CPU
		Release|Any CPU = Release|Any CPU
	EndGlobalSection
	GlobalSection(ProjectConfigurationPlatforms) = postSolution
		{A5027AB0-4C55-4C5A-983F-A60A58EB1CBE}.Debug|Any CPU.ActiveCfg = Debug|Any CPU
		{A5027AB0-4C55-4C5A-983F-A60A58EB1CBE}.Debug|Any CPU.Build.0 = Debug|Any CPU
		{A5027AB0-4C55-4C5A-983F-A60A58EB1CBE}.Debug|Any CPU.Deploy.0 = Debug|Any CPU
		{A5027AB0-4C55-4C5A-983F-A60A58EB1CBE}.Release|Any CPU.ActiveCfg = Release|Any CPU
		{A5027AB0-4C55-4C5A-983F-A60A58EB1CBE}.Release|Any CPU.Build.0 = Release|Any CPU
		{A5027AB0-4C55-4C5A-983F-A60A58EB1CBE}.Release|Any CPU.Deploy.0 = Release|Any CPU
		{AA69FF30-A650-49DA-93B8-90714D380C25}.Debug|Any CPU.ActiveCfg = Debug|Any CPU
		{AA69FF30-A650-49DA-93B8-90714D380C25}.Debug|Any CPU.Build.0 = Debug|Any CPU
		{AA69FF30-A650-49DA-93B8-90714D380C25}.Debug|Any CPU.Deploy.0 = Debug|Any CPU
		{AA69FF30-A650-49DA-93B8-90714D380C25}.Release|Any CPU.ActiveCfg = Release|Any CPU
		{AA69FF30-A650-49DA-93B8-90714D380C25}.Release|Any CPU.Build.0 = Release|Any CPU
		{AA69FF30-A650-49DA-93B8-90714D380C25}.Release|Any CPU.Deploy.0 = Release|Any CPU
		{38BDD139-CE15-44DF-8431-B332387F970E}.Debug|Any CPU.ActiveCfg = Debug|Any CPU
		{38BDD139-CE15-44DF-8431-B332387F970E}.Debug|Any CPU.Build.0 = Debug|Any CPU
		{38BDD139-CE15-44DF-8431-B332387F970E}.Debug|Any CPU.Deploy.0 = Debug|Any CPU
		{38BDD139-CE15-44DF-8431-B332387F970E}.Release|Any CPU.ActiveCfg = Release|Any CPU
		{38BDD139-CE15-44DF-8431-B332387F970E}.Release|Any CPU.Build.0 = Release|Any CPU
		{38BDD139-CE15-44DF-8431-B332387F970E}.Release|Any CPU.Deploy.0 = Release|Any CPU
		{DC8C4180-9A81-475D-BD64-72E476ED67B1}.Debug|Any CPU.ActiveCfg = Debug|Any CPU
		{DC8C4180-9A81-475D-BD64-72E476ED67B1}.Debug|Any CPU.Build.0 = Debug|Any CPU
		{DC8C4180-9A81-475D-BD64-72E476ED67B1}.Debug|Any CPU.Deploy.0 = Debug|Any CPU
		{DC8C4180-9A81-475D-BD64-72E476ED67B1}.Release|Any CPU.ActiveCfg = Release|Any CPU
		{DC8C4180-9A81-475D-BD64-72E476ED67B1}.Release|Any CPU.Build.0 = Release|Any CPU
		{DC8C4180-9A81-475D-BD64-72E476ED67B1}.Release|Any CPU.Deploy.0 = Release|Any CPU
		{5B137298-CBE6-4D29-B967-DC59284D25E3}.Debug|Any CPU.ActiveCfg = Debug|Any CPU
		{5B137298-CBE6-4D29-B967-DC59284D25E3}.Debug|Any CPU.Build.0 = Debug|Any CPU
		{5B137298-CBE6-4D29-B967-DC59284D25E3}.Debug|Any CPU.Deploy.0 = Debug|Any CPU
		{5B137298-CBE6-4D29-B967-DC59284D25E3}.Release|Any CPU.ActiveCfg = Release|Any CPU
		{5B137298-CBE6-4D29-B967-DC59284D25E3}.Release|Any CPU.Build.0 = Release|Any CPU
		{5B137298-CBE6-4D29-B967-DC59284D25E3}.Release|Any CPU.Deploy.0 = Release|Any CPU
		{EAE1AB54-12B5-4C24-A910-CD04E76F97E4}.Debug|Any CPU.ActiveCfg = Debug|Any CPU
		{EAE1AB54-12B5-4C24-A910-CD04E76F97E4}.Debug|Any CPU.Build.0 = Debug|Any CPU
		{EAE1AB54-12B5-4C24-A910-CD04E76F97E4}.Debug|Any CPU.Deploy.0 = Debug|Any CPU
		{EAE1AB54-12B5-4C24-A910-CD04E76F97E4}.Release|Any CPU.ActiveCfg = Release|Any CPU
		{EAE1AB54-12B5-4C24-A910-CD04E76F97E4}.Release|Any CPU.Build.0 = Release|Any CPU
		{EAE1AB54-12B5-4C24-A910-CD04E76F97E4}.Release|Any CPU.Deploy.0 = Release|Any CPU
		{E6E6036E-758F-44BD-9E98-5494A30025E0}.Debug|Any CPU.ActiveCfg = Debug|Any CPU
		{E6E6036E-758F-44BD-9E98-5494A30025E0}.Debug|Any CPU.Build.0 = Debug|Any CPU
		{E6E6036E-758F-44BD-9E98-5494A30025E0}.Release|Any CPU.ActiveCfg = Release|Any CPU
		{E6E6036E-758F-44BD-9E98-5494A30025E0}.Release|Any CPU.Build.0 = Release|Any CPU
		{C672107E-9D7B-4DA1-B777-93C3F367E3F1}.Debug|Any CPU.ActiveCfg = Debug|Any CPU
		{C672107E-9D7B-4DA1-B777-93C3F367E3F1}.Debug|Any CPU.Build.0 = Debug|Any CPU
		{C672107E-9D7B-4DA1-B777-93C3F367E3F1}.Release|Any CPU.ActiveCfg = Release|Any CPU
		{C672107E-9D7B-4DA1-B777-93C3F367E3F1}.Release|Any CPU.Build.0 = Release|Any CPU
		{04C99B9E-24A9-4BF6-844A-F2897BF893A4}.Debug|Any CPU.ActiveCfg = Debug|Any CPU
		{04C99B9E-24A9-4BF6-844A-F2897BF893A4}.Debug|Any CPU.Build.0 = Debug|Any CPU
		{04C99B9E-24A9-4BF6-844A-F2897BF893A4}.Debug|Any CPU.Deploy.0 = Debug|Any CPU
		{04C99B9E-24A9-4BF6-844A-F2897BF893A4}.Release|Any CPU.ActiveCfg = Release|Any CPU
		{04C99B9E-24A9-4BF6-844A-F2897BF893A4}.Release|Any CPU.Build.0 = Release|Any CPU
		{04C99B9E-24A9-4BF6-844A-F2897BF893A4}.Release|Any CPU.Deploy.0 = Release|Any CPU
		{1CF58570-7177-4DA9-9A07-21A6E2BB6E9A}.Debug|Any CPU.ActiveCfg = Debug|Any CPU
		{1CF58570-7177-4DA9-9A07-21A6E2BB6E9A}.Debug|Any CPU.Build.0 = Debug|Any CPU
		{1CF58570-7177-4DA9-9A07-21A6E2BB6E9A}.Debug|Any CPU.Deploy.0 = Debug|Any CPU
		{1CF58570-7177-4DA9-9A07-21A6E2BB6E9A}.Release|Any CPU.ActiveCfg = Release|Any CPU
		{1CF58570-7177-4DA9-9A07-21A6E2BB6E9A}.Release|Any CPU.Build.0 = Release|Any CPU
		{1CF58570-7177-4DA9-9A07-21A6E2BB6E9A}.Release|Any CPU.Deploy.0 = Release|Any CPU
		{E0B1F82C-58DB-4BE1-BDFE-0FA7166BE15D}.Debug|Any CPU.ActiveCfg = Debug|Any CPU
		{E0B1F82C-58DB-4BE1-BDFE-0FA7166BE15D}.Debug|Any CPU.Build.0 = Debug|Any CPU
		{E0B1F82C-58DB-4BE1-BDFE-0FA7166BE15D}.Debug|Any CPU.Deploy.0 = Debug|Any CPU
		{E0B1F82C-58DB-4BE1-BDFE-0FA7166BE15D}.Release|Any CPU.ActiveCfg = Release|Any CPU
		{E0B1F82C-58DB-4BE1-BDFE-0FA7166BE15D}.Release|Any CPU.Build.0 = Release|Any CPU
		{E0B1F82C-58DB-4BE1-BDFE-0FA7166BE15D}.Release|Any CPU.Deploy.0 = Release|Any CPU
		{59A1F3E4-3383-42F6-9259-75A0F19EBBB1}.Debug|Any CPU.ActiveCfg = Debug|Any CPU
		{59A1F3E4-3383-42F6-9259-75A0F19EBBB1}.Debug|Any CPU.Build.0 = Debug|Any CPU
		{59A1F3E4-3383-42F6-9259-75A0F19EBBB1}.Debug|Any CPU.Deploy.0 = Debug|Any CPU
		{59A1F3E4-3383-42F6-9259-75A0F19EBBB1}.Release|Any CPU.ActiveCfg = Release|Any CPU
		{59A1F3E4-3383-42F6-9259-75A0F19EBBB1}.Release|Any CPU.Build.0 = Release|Any CPU
		{59A1F3E4-3383-42F6-9259-75A0F19EBBB1}.Release|Any CPU.Deploy.0 = Release|Any CPU
		{4D4F21F6-04FC-44EF-8ED8-EC9A51D9BD70}.Debug|Any CPU.ActiveCfg = Debug|Any CPU
		{4D4F21F6-04FC-44EF-8ED8-EC9A51D9BD70}.Debug|Any CPU.Build.0 = Debug|Any CPU
		{4D4F21F6-04FC-44EF-8ED8-EC9A51D9BD70}.Release|Any CPU.ActiveCfg = Release|Any CPU
		{4D4F21F6-04FC-44EF-8ED8-EC9A51D9BD70}.Release|Any CPU.Build.0 = Release|Any CPU
		{0277F962-0FBB-476F-A011-E56AECDEA02F}.Debug|Any CPU.ActiveCfg = Debug|Any CPU
		{0277F962-0FBB-476F-A011-E56AECDEA02F}.Debug|Any CPU.Build.0 = Debug|Any CPU
		{0277F962-0FBB-476F-A011-E56AECDEA02F}.Release|Any CPU.ActiveCfg = Release|Any CPU
		{0277F962-0FBB-476F-A011-E56AECDEA02F}.Release|Any CPU.Build.0 = Release|Any CPU
		{6920D71F-5183-49B0-ADFF-F7A73D47AC3A}.Debug|Any CPU.ActiveCfg = Debug|Any CPU
		{6920D71F-5183-49B0-ADFF-F7A73D47AC3A}.Debug|Any CPU.Build.0 = Debug|Any CPU
		{6920D71F-5183-49B0-ADFF-F7A73D47AC3A}.Release|Any CPU.ActiveCfg = Release|Any CPU
		{6920D71F-5183-49B0-ADFF-F7A73D47AC3A}.Release|Any CPU.Build.0 = Release|Any CPU
		{8FF4CFDA-A525-40AE-A3B1-D5F7945BBE0E}.Debug|Any CPU.ActiveCfg = Debug|Any CPU
		{8FF4CFDA-A525-40AE-A3B1-D5F7945BBE0E}.Debug|Any CPU.Build.0 = Debug|Any CPU
		{8FF4CFDA-A525-40AE-A3B1-D5F7945BBE0E}.Debug|Any CPU.Deploy.0 = Debug|Any CPU
		{8FF4CFDA-A525-40AE-A3B1-D5F7945BBE0E}.Release|Any CPU.ActiveCfg = Release|Any CPU
		{8FF4CFDA-A525-40AE-A3B1-D5F7945BBE0E}.Release|Any CPU.Build.0 = Release|Any CPU
		{8FF4CFDA-A525-40AE-A3B1-D5F7945BBE0E}.Release|Any CPU.Deploy.0 = Release|Any CPU
		{8FD1E0C5-BC0B-4BF2-84F7-FACC7F46260C}.Debug|Any CPU.ActiveCfg = Debug|Any CPU
		{8FD1E0C5-BC0B-4BF2-84F7-FACC7F46260C}.Debug|Any CPU.Build.0 = Debug|Any CPU
		{8FD1E0C5-BC0B-4BF2-84F7-FACC7F46260C}.Release|Any CPU.ActiveCfg = Release|Any CPU
		{8FD1E0C5-BC0B-4BF2-84F7-FACC7F46260C}.Release|Any CPU.Build.0 = Release|Any CPU
		{3C0F4A41-E5ED-4ACE-ADAB-CA91B6415B94}.Debug|Any CPU.ActiveCfg = Debug|Any CPU
		{3C0F4A41-E5ED-4ACE-ADAB-CA91B6415B94}.Debug|Any CPU.Build.0 = Debug|Any CPU
		{3C0F4A41-E5ED-4ACE-ADAB-CA91B6415B94}.Debug|Any CPU.Deploy.0 = Debug|Any CPU
		{3C0F4A41-E5ED-4ACE-ADAB-CA91B6415B94}.Release|Any CPU.ActiveCfg = Release|Any CPU
		{3C0F4A41-E5ED-4ACE-ADAB-CA91B6415B94}.Release|Any CPU.Build.0 = Release|Any CPU
		{3C0F4A41-E5ED-4ACE-ADAB-CA91B6415B94}.Release|Any CPU.Deploy.0 = Release|Any CPU
		{748AF7DD-83E1-428D-8D18-6B34C989B16C}.Debug|Any CPU.ActiveCfg = Debug|Any CPU
		{748AF7DD-83E1-428D-8D18-6B34C989B16C}.Debug|Any CPU.Build.0 = Debug|Any CPU
		{748AF7DD-83E1-428D-8D18-6B34C989B16C}.Debug|Any CPU.Deploy.0 = Debug|Any CPU
		{748AF7DD-83E1-428D-8D18-6B34C989B16C}.Release|Any CPU.ActiveCfg = Release|Any CPU
		{748AF7DD-83E1-428D-8D18-6B34C989B16C}.Release|Any CPU.Build.0 = Release|Any CPU
		{748AF7DD-83E1-428D-8D18-6B34C989B16C}.Release|Any CPU.Deploy.0 = Release|Any CPU
		{CC524307-95DF-45B5-8EF5-2A6D6F4C2B9C}.Debug|Any CPU.ActiveCfg = Debug|Any CPU
		{CC524307-95DF-45B5-8EF5-2A6D6F4C2B9C}.Debug|Any CPU.Build.0 = Debug|Any CPU
		{CC524307-95DF-45B5-8EF5-2A6D6F4C2B9C}.Debug|Any CPU.Deploy.0 = Debug|Any CPU
		{CC524307-95DF-45B5-8EF5-2A6D6F4C2B9C}.Release|Any CPU.ActiveCfg = Release|Any CPU
		{CC524307-95DF-45B5-8EF5-2A6D6F4C2B9C}.Release|Any CPU.Build.0 = Release|Any CPU
		{CC524307-95DF-45B5-8EF5-2A6D6F4C2B9C}.Release|Any CPU.Deploy.0 = Release|Any CPU
		{D92B4F4C-DC4F-45BB-957F-4BCE73825CEC}.Debug|Any CPU.ActiveCfg = Debug|Any CPU
		{D92B4F4C-DC4F-45BB-957F-4BCE73825CEC}.Debug|Any CPU.Build.0 = Debug|Any CPU
		{D92B4F4C-DC4F-45BB-957F-4BCE73825CEC}.Debug|Any CPU.Deploy.0 = Debug|Any CPU
		{D92B4F4C-DC4F-45BB-957F-4BCE73825CEC}.Release|Any CPU.ActiveCfg = Release|Any CPU
		{D92B4F4C-DC4F-45BB-957F-4BCE73825CEC}.Release|Any CPU.Build.0 = Release|Any CPU
		{D92B4F4C-DC4F-45BB-957F-4BCE73825CEC}.Release|Any CPU.Deploy.0 = Release|Any CPU
		{BE59CED3-3884-47CD-BC74-2EECAE206A8A}.Debug|Any CPU.ActiveCfg = Debug|Any CPU
		{BE59CED3-3884-47CD-BC74-2EECAE206A8A}.Debug|Any CPU.Build.0 = Debug|Any CPU
		{BE59CED3-3884-47CD-BC74-2EECAE206A8A}.Release|Any CPU.ActiveCfg = Release|Any CPU
		{BE59CED3-3884-47CD-BC74-2EECAE206A8A}.Release|Any CPU.Build.0 = Release|Any CPU
	EndGlobalSection
	GlobalSection(SolutionProperties) = preSolution
		HideSolutionNode = FALSE
	EndGlobalSection
	GlobalSection(NestedProjects) = preSolution
		{AA69FF30-A650-49DA-93B8-90714D380C25} = {FC8C2A99-C0A4-4A4E-A3B7-3BFE9F59443D}
		{38BDD139-CE15-44DF-8431-B332387F970E} = {FC8C2A99-C0A4-4A4E-A3B7-3BFE9F59443D}
		{DC8C4180-9A81-475D-BD64-72E476ED67B1} = {CB825FD9-5236-4598-9554-E00DF20F7446}
		{5B137298-CBE6-4D29-B967-DC59284D25E3} = {CB825FD9-5236-4598-9554-E00DF20F7446}
		{EAE1AB54-12B5-4C24-A910-CD04E76F97E4} = {CB825FD9-5236-4598-9554-E00DF20F7446}
		{E6E6036E-758F-44BD-9E98-5494A30025E0} = {CB825FD9-5236-4598-9554-E00DF20F7446}
		{C672107E-9D7B-4DA1-B777-93C3F367E3F1} = {CB825FD9-5236-4598-9554-E00DF20F7446}
		{04C99B9E-24A9-4BF6-844A-F2897BF893A4} = {CB825FD9-5236-4598-9554-E00DF20F7446}
		{1CF58570-7177-4DA9-9A07-21A6E2BB6E9A} = {CB825FD9-5236-4598-9554-E00DF20F7446}
		{E0B1F82C-58DB-4BE1-BDFE-0FA7166BE15D} = {CB825FD9-5236-4598-9554-E00DF20F7446}
		{59A1F3E4-3383-42F6-9259-75A0F19EBBB1} = {CB825FD9-5236-4598-9554-E00DF20F7446}
		{4D4F21F6-04FC-44EF-8ED8-EC9A51D9BD70} = {FC8C2A99-C0A4-4A4E-A3B7-3BFE9F59443D}
		{0277F962-0FBB-476F-A011-E56AECDEA02F} = {CB825FD9-5236-4598-9554-E00DF20F7446}
		{6920D71F-5183-49B0-ADFF-F7A73D47AC3A} = {CB825FD9-5236-4598-9554-E00DF20F7446}
		{8FF4CFDA-A525-40AE-A3B1-D5F7945BBE0E} = {CB825FD9-5236-4598-9554-E00DF20F7446}
		{8FD1E0C5-BC0B-4BF2-84F7-FACC7F46260C} = {CB825FD9-5236-4598-9554-E00DF20F7446}
		{3C0F4A41-E5ED-4ACE-ADAB-CA91B6415B94} = {CB825FD9-5236-4598-9554-E00DF20F7446}
		{748AF7DD-83E1-428D-8D18-6B34C989B16C} = {CB825FD9-5236-4598-9554-E00DF20F7446}
		{CC524307-95DF-45B5-8EF5-2A6D6F4C2B9C} = {CB825FD9-5236-4598-9554-E00DF20F7446}
		{D92B4F4C-DC4F-45BB-957F-4BCE73825CEC} = {CB825FD9-5236-4598-9554-E00DF20F7446}
		{BE59CED3-3884-47CD-BC74-2EECAE206A8A} = {CB825FD9-5236-4598-9554-E00DF20F7446}
	EndGlobalSection
	GlobalSection(ExtensibilityGlobals) = postSolution
		SolutionGuid = {73207F6E-462F-4239-9133-89E12E562DAB}
	EndGlobalSection
EndGlobal
